{
  "name": "fpe-so-itemcount",
  "version": "1.0.0",
  "lockfileVersion": 3,
  "requires": true,
  "packages": {
    "": {
      "name": "fpe-so-itemcount",
      "version": "1.0.0",
      "license": "ISC",
      "devDependencies": {
        "@hitc/netsuite-types": "^2022.2.15",
        "typescript": "^4.9.4"
      }
    },
    "node_modules/@hitc/netsuite-types": {
      "version": "2022.2.15",
      "resolved": "https://registry.npmjs.org/@hitc/netsuite-types/-/netsuite-types-2022.2.15.tgz",
      "integrity": "sha512-NkwtzoCIHYwW+rsfprWaGjVN7nx6Dps50R+d2GIikPcYukMhh5p736+K5v/pWl2KFKjZDZxMeni2w/pafp+TPA==",
      "dev": true
    },
    "node_modules/typescript": {
      "version": "4.9.4",
      "resolved": "https://registry.npmjs.org/typescript/-/typescript-4.9.4.tgz",
      "integrity": "sha512-Uz+dTXYzxXXbsFpM86Wh3dKCxrQqUcVMxwU54orwlJjOpO3ao8L7j5lH+dWfTwgCwIuM9GQ2kvVotzYJMXTBZg==",
      "dev": true,
      "bin": {
        "tsc": "bin/tsc",
        "tsserver": "bin/tsserver"
      },
      "engines": {
        "node": ">=4.2.0"
      }
    }
  }
}
